
Microsoft Visual Studio Solution File, Format Version 12.00
# Visual Studio 2015
Project("{FAE04EC0-301F-11D3-BF4B-00C04F79EFBC}") = "Sample2", "Sample2.csproj", "{58553BE1-706C-F8DC-B73B-E73B93257F87}"
EndProject
Project("{FAE04EC0-301F-11D3-BF4B-00C04F79EFBC}") = "Sample2.Editor", "Sample2.Editor.csproj", "{4932BD5D-C9CE-3B04-A315-98D7A4AC3E32}"
EndProject
Global
	GlobalSection(SolutionConfigurationPlatforms) = preSolution
		Debug|Any CPU = Debug|Any CPU
		Release|Any CPU = Release|Any CPU
	EndGlobalSection
	GlobalSection(ProjectConfigurationPlatforms) = postSolution
		{58553BE1-706C-F8DC-B73B-E73B93257F87}.Debug|Any CPU.ActiveCfg = Debug|Any CPU
		{58553BE1-706C-F8DC-B73B-E73B93257F87}.Debug|Any CPU.Build.0 = Debug|Any CPU
		{58553BE1-706C-F8DC-B73B-E73B93257F87}.Release|Any CPU.ActiveCfg = Release|Any CPU
		{58553BE1-706C-F8DC-B73B-E73B93257F87}.Release|Any CPU.Build.0 = Release|Any CPU
		{4932BD5D-C9CE-3B04-A315-98D7A4AC3E32}.Debug|Any CPU.ActiveCfg = Debug|Any CPU
		{4932BD5D-C9CE-3B04-A315-98D7A4AC3E32}.Debug|Any CPU.Build.0 = Debug|Any CPU
		{4932BD5D-C9CE-3B04-A315-98D7A4AC3E32}.Release|Any CPU.ActiveCfg = Release|Any CPU
		{4932BD5D-C9CE-3B04-A315-98D7A4AC3E32}.Release|Any CPU.Build.0 = Release|Any CPU
	EndGlobalSection
	GlobalSection(SolutionProperties) = preSolution
		HideSolutionNode = FALSE
	EndGlobalSection
EndGlobal
