
Microsoft Visual Studio Solution File, Format Version 12.00
# Visual Studio 14
VisualStudioVersion = 14.0.25420.1
MinimumVisualStudioVersion = 10.0.40219.1
Project("{FAE04EC0-301F-11D3-BF4B-00C04F79EFBC}") = "ILRuntimeDll", "ILRuntimeDll.csproj", "{D37FABCE-330F-4F72-B1CC-A1683A85C80F}"
EndProject
Global
	GlobalSection(SolutionConfigurationPlatforms) = preSolution
		Debug|Any CPU = Debug|Any CPU
		Release|Any CPU = Release|Any CPU
	EndGlobalSection
	GlobalSection(ProjectConfigurationPlatforms) = postSolution
		{D37FABCE-330F-4F72-B1CC-A1683A85C80F}.Debug|Any CPU.ActiveCfg = Debug|Any CPU
		{D37FABCE-330F-4F72-B1CC-A1683A85C80F}.Debug|Any CPU.Build.0 = Debug|Any CPU
		{D37FABCE-330F-4F72-B1CC-A1683A85C80F}.Release|Any CPU.ActiveCfg = Release|Any CPU
		{D37FABCE-330F-4F72-B1CC-A1683A85C80F}.Release|Any CPU.Build.0 = Release|Any CPU
	EndGlobalSection
	GlobalSection(SolutionProperties) = preSolution
		HideSolutionNode = FALSE
	EndGlobalSection
EndGlobal
